
Microsoft Visual Studio Solution File, Format Version 12.00
# Visual Studio Version 17
VisualStudioVersion = 17.8.34330.188
MinimumVisualStudioVersion = 10.0.40219.1
Project("{FAE04EC0-301F-11D3-BF4B-00C04F79EFBC}") = "uygulamalarasp", "uygulamalarasp\uygulamalarasp.csproj", "{B3B55291-FF3E-4AB6-AF6B-BDCD668031FD}"
EndProject
Global
	GlobalSection(SolutionConfigurationPlatforms) = preSolution
		Debug|Any CPU = Debug|Any CPU
		Release|Any CPU = Release|Any CPU
	EndGlobalSection
	GlobalSection(ProjectConfigurationPlatforms) = postSolution
		{B3B55291-FF3E-4AB6-AF6B-BDCD668031FD}.Debug|Any CPU.ActiveCfg = Debug|Any CPU
		{B3B55291-FF3E-4AB6-AF6B-BDCD668031FD}.Debug|Any CPU.Build.0 = Debug|Any CPU
		{B3B55291-FF3E-4AB6-AF6B-BDCD668031FD}.Release|Any CPU.ActiveCfg = Release|Any CPU
		{B3B55291-FF3E-4AB6-AF6B-BDCD668031FD}.Release|Any CPU.Build.0 = Release|Any CPU
	EndGlobalSection
	GlobalSection(SolutionProperties) = preSolution
		HideSolutionNode = FALSE
	EndGlobalSection
	GlobalSection(ExtensibilityGlobals) = postSolution
		SolutionGuid = {3804693B-4496-431C-8C6C-CCA2C175770C}
	EndGlobalSection
EndGlobal
